
Microsoft Visual Studio Solution File, Format Version 12.00
# Visual Studio Version 17
VisualStudioVersion = 17.5.2.0
MinimumVisualStudioVersion = 10.0.40219.1
Project("{FAE04EC0-301F-11D3-BF4B-00C04F79EFBC}") = "WorkforceConsole", "WorkforceConsole\WorkforceConsole.csproj", "{519929FD-2AFE-D677-8943-BB1DCEC7D354}"
EndProject
Project("{FAE04EC0-301F-11D3-BF4B-00C04F79EFBC}") = "WorkforceConsole.Tests", "WorkforceConsole.Tests\WorkforceConsole.Tests.csproj", "{7EE90A67-2730-4D97-B520-A29B8E1B60A1}"
EndProject
Global
	GlobalSection(SolutionConfigurationPlatforms) = preSolution
		Debug|Any CPU = Debug|Any CPU
		Debug|x64 = Debug|x64
		Debug|x86 = Debug|x86
		Release|Any CPU = Release|Any CPU
		Release|x64 = Release|x64
		Release|x86 = Release|x86
	EndGlobalSection
	GlobalSection(ProjectConfigurationPlatforms) = postSolution
		{519929FD-2AFE-D677-8943-BB1DCEC7D354}.Debug|Any CPU.ActiveCfg = Debug|Any CPU
		{519929FD-2AFE-D677-8943-BB1DCEC7D354}.Debug|Any CPU.Build.0 = Debug|Any CPU
		{519929FD-2AFE-D677-8943-BB1DCEC7D354}.Debug|x64.ActiveCfg = Debug|Any CPU
		{519929FD-2AFE-D677-8943-BB1DCEC7D354}.Debug|x64.Build.0 = Debug|Any CPU
		{519929FD-2AFE-D677-8943-BB1DCEC7D354}.Debug|x86.ActiveCfg = Debug|Any CPU
		{519929FD-2AFE-D677-8943-BB1DCEC7D354}.Debug|x86.Build.0 = Debug|Any CPU
		{519929FD-2AFE-D677-8943-BB1DCEC7D354}.Release|Any CPU.ActiveCfg = Release|Any CPU
		{519929FD-2AFE-D677-8943-BB1DCEC7D354}.Release|Any CPU.Build.0 = Release|Any CPU
		{519929FD-2AFE-D677-8943-BB1DCEC7D354}.Release|x64.ActiveCfg = Release|Any CPU
		{519929FD-2AFE-D677-8943-BB1DCEC7D354}.Release|x64.Build.0 = Release|Any CPU
		{519929FD-2AFE-D677-8943-BB1DCEC7D354}.Release|x86.ActiveCfg = Release|Any CPU
		{519929FD-2AFE-D677-8943-BB1DCEC7D354}.Release|x86.Build.0 = Release|Any CPU
		{7EE90A67-2730-4D97-B520-A29B8E1B60A1}.Debug|Any CPU.ActiveCfg = Debug|Any CPU
		{7EE90A67-2730-4D97-B520-A29B8E1B60A1}.Debug|Any CPU.Build.0 = Debug|Any CPU
		{7EE90A67-2730-4D97-B520-A29B8E1B60A1}.Debug|x64.ActiveCfg = Debug|Any CPU
		{7EE90A67-2730-4D97-B520-A29B8E1B60A1}.Debug|x64.Build.0 = Debug|Any CPU
		{7EE90A67-2730-4D97-B520-A29B8E1B60A1}.Debug|x86.ActiveCfg = Debug|Any CPU
		{7EE90A67-2730-4D97-B520-A29B8E1B60A1}.Debug|x86.Build.0 = Debug|Any CPU
		{7EE90A67-2730-4D97-B520-A29B8E1B60A1}.Release|Any CPU.ActiveCfg = Release|Any CPU
		{7EE90A67-2730-4D97-B520-A29B8E1B60A1}.Release|Any CPU.Build.0 = Release|Any CPU
		{7EE90A67-2730-4D97-B520-A29B8E1B60A1}.Release|x64.ActiveCfg = Release|Any CPU
		{7EE90A67-2730-4D97-B520-A29B8E1B60A1}.Release|x64.Build.0 = Release|Any CPU
		{7EE90A67-2730-4D97-B520-A29B8E1B60A1}.Release|x86.ActiveCfg = Release|Any CPU
		{7EE90A67-2730-4D97-B520-A29B8E1B60A1}.Release|x86.Build.0 = Release|Any CPU
	EndGlobalSection
	GlobalSection(SolutionProperties) = preSolution
		HideSolutionNode = FALSE
	EndGlobalSection
	GlobalSection(ExtensibilityGlobals) = postSolution
		SolutionGuid = {F9864746-67A1-4052-B63A-BE154690071A}
	EndGlobalSection
EndGlobal
